
Microsoft Visual Studio Solution File, Format Version 12.00
# Visual Studio 14
VisualStudioVersion = 14.0.25123.0
MinimumVisualStudioVersion = 10.0.40219.1
Project("{2150E333-8FDC-42A3-9474-1A3956D46DE8}") = "Views", "Views", "{E54872AF-FF69-4B53-818B-9008D8CA2206}"
EndProject
Project("{2150E333-8FDC-42A3-9474-1A3956D46DE8}") = "Framework", "Framework", "{C8AD3574-EC63-4BCB-A3E3-0F46B5D5757F}"
EndProject
Project("{FAE04EC0-301F-11D3-BF4B-00C04F79EFBC}") = "Web", "Views\Web\Web.csproj", "{1DA52A87-280E-42A5-895B-9D7694942A42}"
EndProject
Project("{FAE04EC0-301F-11D3-BF4B-00C04F79EFBC}") = "Core", "Core\KarmicEnergy.Core\Core.csproj", "{F4765A8A-4D17-4E1B-9116-F736E42A2EBB}"
EndProject
Project("{FAE04EC0-301F-11D3-BF4B-00C04F79EFBC}") = "SensorsSyncService", "Services\SiteService\SensorsSyncService.csproj", "{65C2ECD5-218B-442A-ACF1-735FF3944BA7}"
EndProject
Project("{2150E333-8FDC-42A3-9474-1A3956D46DE8}") = "Services", "Services", "{01FA4B5C-738B-4EEF-9665-B0DDEC66F9CE}"
EndProject
Project("{FAE04EC0-301F-11D3-BF4B-00C04F79EFBC}") = "Console", "Views\Console\Console.csproj", "{DB8B6712-7459-489A-874A-67D076E090A3}"
EndProject
Project("{6141683F-8A12-4E36-9623-2EB02B2C2303}") = "SiteServiceSetup", "SiteServiceSetup\SiteServiceSetup.isproj", "{06521E87-9911-4815-A237-0C3ED6D800A4}"
EndProject
Project("{54435603-DBB4-11D2-8724-00A0C9A8B90C}") = "SensorsSyncServiceSetup", "Services\SensorsSyncServiceSetup\SensorsSyncServiceSetup.vdproj", "{A508B858-5745-4430-830F-11F39A21E07D}"
EndProject
Global
	GlobalSection(SolutionConfigurationPlatforms) = preSolution
		AWS|Any CPU = AWS|Any CPU
		CD_ROM|Any CPU = CD_ROM|Any CPU
		Debug|Any CPU = Debug|Any CPU
		DVD-5|Any CPU = DVD-5|Any CPU
		Release|Any CPU = Release|Any CPU
		SingleImage|Any CPU = SingleImage|Any CPU
	EndGlobalSection
	GlobalSection(ProjectConfigurationPlatforms) = postSolution
		{1DA52A87-280E-42A5-895B-9D7694942A42}.AWS|Any CPU.ActiveCfg = AWS|Any CPU
		{1DA52A87-280E-42A5-895B-9D7694942A42}.AWS|Any CPU.Build.0 = AWS|Any CPU
		{1DA52A87-280E-42A5-895B-9D7694942A42}.CD_ROM|Any CPU.ActiveCfg = Release|Any CPU
		{1DA52A87-280E-42A5-895B-9D7694942A42}.CD_ROM|Any CPU.Build.0 = Release|Any CPU
		{1DA52A87-280E-42A5-895B-9D7694942A42}.Debug|Any CPU.ActiveCfg = Debug|Any CPU
		{1DA52A87-280E-42A5-895B-9D7694942A42}.Debug|Any CPU.Build.0 = Debug|Any CPU
		{1DA52A87-280E-42A5-895B-9D7694942A42}.DVD-5|Any CPU.ActiveCfg = Debug|Any CPU
		{1DA52A87-280E-42A5-895B-9D7694942A42}.DVD-5|Any CPU.Build.0 = Debug|Any CPU
		{1DA52A87-280E-42A5-895B-9D7694942A42}.Release|Any CPU.ActiveCfg = Release|Any CPU
		{1DA52A87-280E-42A5-895B-9D7694942A42}.Release|Any CPU.Build.0 = Release|Any CPU
		{1DA52A87-280E-42A5-895B-9D7694942A42}.SingleImage|Any CPU.ActiveCfg = Release|Any CPU
		{1DA52A87-280E-42A5-895B-9D7694942A42}.SingleImage|Any CPU.Build.0 = Release|Any CPU
		{F4765A8A-4D17-4E1B-9116-F736E42A2EBB}.AWS|Any CPU.ActiveCfg = Debug|Any CPU
		{F4765A8A-4D17-4E1B-9116-F736E42A2EBB}.AWS|Any CPU.Build.0 = Debug|Any CPU
		{F4765A8A-4D17-4E1B-9116-F736E42A2EBB}.CD_ROM|Any CPU.ActiveCfg = AWS|Any CPU
		{F4765A8A-4D17-4E1B-9116-F736E42A2EBB}.CD_ROM|Any CPU.Build.0 = AWS|Any CPU
		{F4765A8A-4D17-4E1B-9116-F736E42A2EBB}.Debug|Any CPU.ActiveCfg = Debug|Any CPU
		{F4765A8A-4D17-4E1B-9116-F736E42A2EBB}.Debug|Any CPU.Build.0 = Debug|Any CPU
		{F4765A8A-4D17-4E1B-9116-F736E42A2EBB}.DVD-5|Any CPU.ActiveCfg = Debug|Any CPU
		{F4765A8A-4D17-4E1B-9116-F736E42A2EBB}.DVD-5|Any CPU.Build.0 = Debug|Any CPU
		{F4765A8A-4D17-4E1B-9116-F736E42A2EBB}.Release|Any CPU.ActiveCfg = Release|Any CPU
		{F4765A8A-4D17-4E1B-9116-F736E42A2EBB}.Release|Any CPU.Build.0 = Release|Any CPU
		{F4765A8A-4D17-4E1B-9116-F736E42A2EBB}.SingleImage|Any CPU.ActiveCfg = AWS|Any CPU
		{F4765A8A-4D17-4E1B-9116-F736E42A2EBB}.SingleImage|Any CPU.Build.0 = AWS|Any CPU
		{65C2ECD5-218B-442A-ACF1-735FF3944BA7}.AWS|Any CPU.ActiveCfg = Release|Any CPU
		{65C2ECD5-218B-442A-ACF1-735FF3944BA7}.AWS|Any CPU.Build.0 = Release|Any CPU
		{65C2ECD5-218B-442A-ACF1-735FF3944BA7}.CD_ROM|Any CPU.ActiveCfg = Debug|Any CPU
		{65C2ECD5-218B-442A-ACF1-735FF3944BA7}.CD_ROM|Any CPU.Build.0 = Debug|Any CPU
		{65C2ECD5-218B-442A-ACF1-735FF3944BA7}.Debug|Any CPU.ActiveCfg = Debug|Any CPU
		{65C2ECD5-218B-442A-ACF1-735FF3944BA7}.Debug|Any CPU.Build.0 = Debug|Any CPU
		{65C2ECD5-218B-442A-ACF1-735FF3944BA7}.DVD-5|Any CPU.ActiveCfg = Debug|Any CPU
		{65C2ECD5-218B-442A-ACF1-735FF3944BA7}.DVD-5|Any CPU.Build.0 = Debug|Any CPU
		{65C2ECD5-218B-442A-ACF1-735FF3944BA7}.Release|Any CPU.ActiveCfg = Release|Any CPU
		{65C2ECD5-218B-442A-ACF1-735FF3944BA7}.Release|Any CPU.Build.0 = Release|Any CPU
		{65C2ECD5-218B-442A-ACF1-735FF3944BA7}.SingleImage|Any CPU.ActiveCfg = Debug|Any CPU
		{65C2ECD5-218B-442A-ACF1-735FF3944BA7}.SingleImage|Any CPU.Build.0 = Debug|Any CPU
		{DB8B6712-7459-489A-874A-67D076E090A3}.AWS|Any CPU.ActiveCfg = Release|Any CPU
		{DB8B6712-7459-489A-874A-67D076E090A3}.AWS|Any CPU.Build.0 = Release|Any CPU
		{DB8B6712-7459-489A-874A-67D076E090A3}.CD_ROM|Any CPU.ActiveCfg = Debug|Any CPU
		{DB8B6712-7459-489A-874A-67D076E090A3}.CD_ROM|Any CPU.Build.0 = Debug|Any CPU
		{DB8B6712-7459-489A-874A-67D076E090A3}.Debug|Any CPU.ActiveCfg = Debug|Any CPU
		{DB8B6712-7459-489A-874A-67D076E090A3}.Debug|Any CPU.Build.0 = Debug|Any CPU
		{DB8B6712-7459-489A-874A-67D076E090A3}.DVD-5|Any CPU.ActiveCfg = Debug|Any CPU
		{DB8B6712-7459-489A-874A-67D076E090A3}.DVD-5|Any CPU.Build.0 = Debug|Any CPU
		{DB8B6712-7459-489A-874A-67D076E090A3}.Release|Any CPU.ActiveCfg = Release|Any CPU
		{DB8B6712-7459-489A-874A-67D076E090A3}.Release|Any CPU.Build.0 = Release|Any CPU
		{DB8B6712-7459-489A-874A-67D076E090A3}.SingleImage|Any CPU.ActiveCfg = Debug|Any CPU
		{DB8B6712-7459-489A-874A-67D076E090A3}.SingleImage|Any CPU.Build.0 = Debug|Any CPU
		{06521E87-9911-4815-A237-0C3ED6D800A4}.AWS|Any CPU.ActiveCfg = SingleImage
		{06521E87-9911-4815-A237-0C3ED6D800A4}.AWS|Any CPU.Build.0 = SingleImage
		{06521E87-9911-4815-A237-0C3ED6D800A4}.CD_ROM|Any CPU.ActiveCfg = CD_ROM
		{06521E87-9911-4815-A237-0C3ED6D800A4}.CD_ROM|Any CPU.Build.0 = CD_ROM
		{06521E87-9911-4815-A237-0C3ED6D800A4}.Debug|Any CPU.ActiveCfg = DVD-5
		{06521E87-9911-4815-A237-0C3ED6D800A4}.Debug|Any CPU.Build.0 = DVD-5
		{06521E87-9911-4815-A237-0C3ED6D800A4}.DVD-5|Any CPU.ActiveCfg = DVD-5
		{06521E87-9911-4815-A237-0C3ED6D800A4}.DVD-5|Any CPU.Build.0 = DVD-5
		{06521E87-9911-4815-A237-0C3ED6D800A4}.Release|Any CPU.ActiveCfg = SingleImage
		{06521E87-9911-4815-A237-0C3ED6D800A4}.Release|Any CPU.Build.0 = SingleImage
		{06521E87-9911-4815-A237-0C3ED6D800A4}.SingleImage|Any CPU.ActiveCfg = SingleImage
		{06521E87-9911-4815-A237-0C3ED6D800A4}.SingleImage|Any CPU.Build.0 = SingleImage
		{A508B858-5745-4430-830F-11F39A21E07D}.AWS|Any CPU.ActiveCfg = Release
		{A508B858-5745-4430-830F-11F39A21E07D}.CD_ROM|Any CPU.ActiveCfg = Release
		{A508B858-5745-4430-830F-11F39A21E07D}.Debug|Any CPU.ActiveCfg = Debug
		{A508B858-5745-4430-830F-11F39A21E07D}.DVD-5|Any CPU.ActiveCfg = Debug
		{A508B858-5745-4430-830F-11F39A21E07D}.Release|Any CPU.ActiveCfg = Release
		{A508B858-5745-4430-830F-11F39A21E07D}.SingleImage|Any CPU.ActiveCfg = Release
	EndGlobalSection
	GlobalSection(SolutionProperties) = preSolution
		HideSolutionNode = FALSE
	EndGlobalSection
	GlobalSection(NestedProjects) = preSolution
		{1DA52A87-280E-42A5-895B-9D7694942A42} = {E54872AF-FF69-4B53-818B-9008D8CA2206}
		{F4765A8A-4D17-4E1B-9116-F736E42A2EBB} = {C8AD3574-EC63-4BCB-A3E3-0F46B5D5757F}
		{65C2ECD5-218B-442A-ACF1-735FF3944BA7} = {01FA4B5C-738B-4EEF-9665-B0DDEC66F9CE}
		{DB8B6712-7459-489A-874A-67D076E090A3} = {E54872AF-FF69-4B53-818B-9008D8CA2206}
		{A508B858-5745-4430-830F-11F39A21E07D} = {01FA4B5C-738B-4EEF-9665-B0DDEC66F9CE}
	EndGlobalSection
EndGlobal
