
Microsoft Visual Studio Solution File, Format Version 12.00
# Visual Studio 14
VisualStudioVersion = 14.0.25420.1
MinimumVisualStudioVersion = 10.0.40219.1
Project("{2150E333-8FDC-42A3-9474-1A3956D46DE8}") = "Views", "Views", "{E54872AF-FF69-4B53-818B-9008D8CA2206}"
EndProject
Project("{2150E333-8FDC-42A3-9474-1A3956D46DE8}") = "Framework", "Framework", "{C8AD3574-EC63-4BCB-A3E3-0F46B5D5757F}"
EndProject
Project("{FAE04EC0-301F-11D3-BF4B-00C04F79EFBC}") = "Web", "Views\Web\Web.csproj", "{1DA52A87-280E-42A5-895B-9D7694942A42}"
EndProject
Project("{FAE04EC0-301F-11D3-BF4B-00C04F79EFBC}") = "SensorEventsSyncService", "Services\SiteService\SensorEventsSyncService.csproj", "{65C2ECD5-218B-442A-ACF1-735FF3944BA7}"
EndProject
Project("{2150E333-8FDC-42A3-9474-1A3956D46DE8}") = "Services", "Services", "{01FA4B5C-738B-4EEF-9665-B0DDEC66F9CE}"
EndProject
Project("{FAE04EC0-301F-11D3-BF4B-00C04F79EFBC}") = "Console", "Views\Console\Console.csproj", "{DB8B6712-7459-489A-874A-67D076E090A3}"
EndProject
Project("{54435603-DBB4-11D2-8724-00A0C9A8B90C}") = "SensorEventsSyncServiceSetup", "Services\SensorsSyncServiceSetup\SensorsSyncServiceSetup.vdproj", "{A508B858-5745-4430-830F-11F39A21E07D}"
EndProject
Project("{54435603-DBB4-11D2-8724-00A0C9A8B90C}") = "WebSetup", "Views\WebSetup\WebSetup.vdproj", "{5BACAAC6-C58F-4FE5-B2C7-EE848EB9F076}"
EndProject
Project("{54435603-DBB4-11D2-8724-00A0C9A8B90C}") = "AlarmServiceSetup", "Services\AlarmServiceSetup\AlarmServiceSetup.vdproj", "{58134A14-83D4-44D4-B0BC-6FC3165A3935}"
EndProject
Project("{FAE04EC0-301F-11D3-BF4B-00C04F79EFBC}") = "AlarmService", "Services\AlarmService\AlarmService.csproj", "{59C119D8-8C1A-4481-B7AC-3C7F2C800952}"
EndProject
Project("{2150E333-8FDC-42A3-9474-1A3956D46DE8}") = "Assests", "Assests", "{C0F350AE-2E45-4AEA-A262-0A6A3393DF45}"
	ProjectSection(SolutionItems) = preProject
		..\Docs\Images\banner_setup.jpg = ..\Docs\Images\banner_setup.jpg
		Views\Web\images\logo_mini.ico = Views\Web\images\logo_mini.ico
	EndProjectSection
EndProject
Project("{FAE04EC0-301F-11D3-BF4B-00C04F79EFBC}") = "Core", "Framework\KarmicEnergy.Core\Core.csproj", "{F4765A8A-4D17-4E1B-9116-F736E42A2EBB}"
EndProject
Project("{FAE04EC0-301F-11D3-BF4B-00C04F79EFBC}") = "Util", "Framework\KarmicEnergy.Util\Util.csproj", "{519E28A2-6B4D-4CE3-A05E-748E71C8B125}"
EndProject
Project("{930C7802-8A8C-48F9-8165-68863BCCD9DD}") = "WebsiteSetup", "Views\WebsiteSetup\WebsiteSetup.wixproj", "{5306F7DC-6A9A-41FA-9E1A-C6A2C2C52743}"
EndProject
Global
	GlobalSection(SolutionConfigurationPlatforms) = preSolution
		AWS|Any CPU = AWS|Any CPU
		AWS|x86 = AWS|x86
		CD_ROM|Any CPU = CD_ROM|Any CPU
		CD_ROM|x86 = CD_ROM|x86
		Debug|Any CPU = Debug|Any CPU
		Debug|x86 = Debug|x86
		DVD-5|Any CPU = DVD-5|Any CPU
		DVD-5|x86 = DVD-5|x86
		Release|Any CPU = Release|Any CPU
		Release|x86 = Release|x86
		SingleImage|Any CPU = SingleImage|Any CPU
		SingleImage|x86 = SingleImage|x86
	EndGlobalSection
	GlobalSection(ProjectConfigurationPlatforms) = postSolution
		{1DA52A87-280E-42A5-895B-9D7694942A42}.AWS|Any CPU.ActiveCfg = AWS|Any CPU
		{1DA52A87-280E-42A5-895B-9D7694942A42}.AWS|Any CPU.Build.0 = AWS|Any CPU
		{1DA52A87-280E-42A5-895B-9D7694942A42}.AWS|x86.ActiveCfg = AWS|Any CPU
		{1DA52A87-280E-42A5-895B-9D7694942A42}.AWS|x86.Build.0 = AWS|Any CPU
		{1DA52A87-280E-42A5-895B-9D7694942A42}.CD_ROM|Any CPU.ActiveCfg = Release|Any CPU
		{1DA52A87-280E-42A5-895B-9D7694942A42}.CD_ROM|Any CPU.Build.0 = Release|Any CPU
		{1DA52A87-280E-42A5-895B-9D7694942A42}.CD_ROM|x86.ActiveCfg = Debug|Any CPU
		{1DA52A87-280E-42A5-895B-9D7694942A42}.CD_ROM|x86.Build.0 = Debug|Any CPU
		{1DA52A87-280E-42A5-895B-9D7694942A42}.Debug|Any CPU.ActiveCfg = Debug|Any CPU
		{1DA52A87-280E-42A5-895B-9D7694942A42}.Debug|Any CPU.Build.0 = Debug|Any CPU
		{1DA52A87-280E-42A5-895B-9D7694942A42}.Debug|x86.ActiveCfg = Debug|Any CPU
		{1DA52A87-280E-42A5-895B-9D7694942A42}.Debug|x86.Build.0 = Debug|Any CPU
		{1DA52A87-280E-42A5-895B-9D7694942A42}.DVD-5|Any CPU.ActiveCfg = Debug|Any CPU
		{1DA52A87-280E-42A5-895B-9D7694942A42}.DVD-5|Any CPU.Build.0 = Debug|Any CPU
		{1DA52A87-280E-42A5-895B-9D7694942A42}.DVD-5|x86.ActiveCfg = Debug|Any CPU
		{1DA52A87-280E-42A5-895B-9D7694942A42}.DVD-5|x86.Build.0 = Debug|Any CPU
		{1DA52A87-280E-42A5-895B-9D7694942A42}.Release|Any CPU.ActiveCfg = Release|Any CPU
		{1DA52A87-280E-42A5-895B-9D7694942A42}.Release|Any CPU.Build.0 = Release|Any CPU
		{1DA52A87-280E-42A5-895B-9D7694942A42}.Release|x86.ActiveCfg = Release|Any CPU
		{1DA52A87-280E-42A5-895B-9D7694942A42}.Release|x86.Build.0 = Release|Any CPU
		{1DA52A87-280E-42A5-895B-9D7694942A42}.SingleImage|Any CPU.ActiveCfg = Release|Any CPU
		{1DA52A87-280E-42A5-895B-9D7694942A42}.SingleImage|Any CPU.Build.0 = Release|Any CPU
		{1DA52A87-280E-42A5-895B-9D7694942A42}.SingleImage|x86.ActiveCfg = Debug|Any CPU
		{1DA52A87-280E-42A5-895B-9D7694942A42}.SingleImage|x86.Build.0 = Debug|Any CPU
		{65C2ECD5-218B-442A-ACF1-735FF3944BA7}.AWS|Any CPU.ActiveCfg = Release|Any CPU
		{65C2ECD5-218B-442A-ACF1-735FF3944BA7}.AWS|Any CPU.Build.0 = Release|Any CPU
		{65C2ECD5-218B-442A-ACF1-735FF3944BA7}.AWS|x86.ActiveCfg = Debug|Any CPU
		{65C2ECD5-218B-442A-ACF1-735FF3944BA7}.AWS|x86.Build.0 = Debug|Any CPU
		{65C2ECD5-218B-442A-ACF1-735FF3944BA7}.CD_ROM|Any CPU.ActiveCfg = Debug|Any CPU
		{65C2ECD5-218B-442A-ACF1-735FF3944BA7}.CD_ROM|Any CPU.Build.0 = Debug|Any CPU
		{65C2ECD5-218B-442A-ACF1-735FF3944BA7}.CD_ROM|x86.ActiveCfg = Debug|Any CPU
		{65C2ECD5-218B-442A-ACF1-735FF3944BA7}.CD_ROM|x86.Build.0 = Debug|Any CPU
		{65C2ECD5-218B-442A-ACF1-735FF3944BA7}.Debug|Any CPU.ActiveCfg = Debug|Any CPU
		{65C2ECD5-218B-442A-ACF1-735FF3944BA7}.Debug|Any CPU.Build.0 = Debug|Any CPU
		{65C2ECD5-218B-442A-ACF1-735FF3944BA7}.Debug|x86.ActiveCfg = Debug|Any CPU
		{65C2ECD5-218B-442A-ACF1-735FF3944BA7}.Debug|x86.Build.0 = Debug|Any CPU
		{65C2ECD5-218B-442A-ACF1-735FF3944BA7}.DVD-5|Any CPU.ActiveCfg = Debug|Any CPU
		{65C2ECD5-218B-442A-ACF1-735FF3944BA7}.DVD-5|Any CPU.Build.0 = Debug|Any CPU
		{65C2ECD5-218B-442A-ACF1-735FF3944BA7}.DVD-5|x86.ActiveCfg = Debug|Any CPU
		{65C2ECD5-218B-442A-ACF1-735FF3944BA7}.DVD-5|x86.Build.0 = Debug|Any CPU
		{65C2ECD5-218B-442A-ACF1-735FF3944BA7}.Release|Any CPU.ActiveCfg = Release|Any CPU
		{65C2ECD5-218B-442A-ACF1-735FF3944BA7}.Release|Any CPU.Build.0 = Release|Any CPU
		{65C2ECD5-218B-442A-ACF1-735FF3944BA7}.Release|x86.ActiveCfg = Release|Any CPU
		{65C2ECD5-218B-442A-ACF1-735FF3944BA7}.Release|x86.Build.0 = Release|Any CPU
		{65C2ECD5-218B-442A-ACF1-735FF3944BA7}.SingleImage|Any CPU.ActiveCfg = Debug|Any CPU
		{65C2ECD5-218B-442A-ACF1-735FF3944BA7}.SingleImage|Any CPU.Build.0 = Debug|Any CPU
		{65C2ECD5-218B-442A-ACF1-735FF3944BA7}.SingleImage|x86.ActiveCfg = Debug|Any CPU
		{65C2ECD5-218B-442A-ACF1-735FF3944BA7}.SingleImage|x86.Build.0 = Debug|Any CPU
		{DB8B6712-7459-489A-874A-67D076E090A3}.AWS|Any CPU.ActiveCfg = Release|Any CPU
		{DB8B6712-7459-489A-874A-67D076E090A3}.AWS|Any CPU.Build.0 = Release|Any CPU
		{DB8B6712-7459-489A-874A-67D076E090A3}.AWS|x86.ActiveCfg = Debug|Any CPU
		{DB8B6712-7459-489A-874A-67D076E090A3}.CD_ROM|Any CPU.ActiveCfg = Debug|Any CPU
		{DB8B6712-7459-489A-874A-67D076E090A3}.CD_ROM|x86.ActiveCfg = Debug|Any CPU
		{DB8B6712-7459-489A-874A-67D076E090A3}.Debug|Any CPU.ActiveCfg = Debug|Any CPU
		{DB8B6712-7459-489A-874A-67D076E090A3}.Debug|Any CPU.Build.0 = Debug|Any CPU
		{DB8B6712-7459-489A-874A-67D076E090A3}.Debug|x86.ActiveCfg = Debug|Any CPU
		{DB8B6712-7459-489A-874A-67D076E090A3}.DVD-5|Any CPU.ActiveCfg = Debug|Any CPU
		{DB8B6712-7459-489A-874A-67D076E090A3}.DVD-5|x86.ActiveCfg = Debug|Any CPU
		{DB8B6712-7459-489A-874A-67D076E090A3}.Release|Any CPU.ActiveCfg = Release|Any CPU
		{DB8B6712-7459-489A-874A-67D076E090A3}.Release|Any CPU.Build.0 = Release|Any CPU
		{DB8B6712-7459-489A-874A-67D076E090A3}.Release|x86.ActiveCfg = Release|Any CPU
		{DB8B6712-7459-489A-874A-67D076E090A3}.SingleImage|Any CPU.ActiveCfg = Debug|Any CPU
		{DB8B6712-7459-489A-874A-67D076E090A3}.SingleImage|x86.ActiveCfg = Debug|Any CPU
		{A508B858-5745-4430-830F-11F39A21E07D}.AWS|Any CPU.ActiveCfg = Release
		{A508B858-5745-4430-830F-11F39A21E07D}.AWS|x86.ActiveCfg = Debug
		{A508B858-5745-4430-830F-11F39A21E07D}.AWS|x86.Build.0 = Debug
		{A508B858-5745-4430-830F-11F39A21E07D}.CD_ROM|Any CPU.ActiveCfg = Debug
		{A508B858-5745-4430-830F-11F39A21E07D}.CD_ROM|Any CPU.Build.0 = Debug
		{A508B858-5745-4430-830F-11F39A21E07D}.CD_ROM|x86.ActiveCfg = Debug
		{A508B858-5745-4430-830F-11F39A21E07D}.CD_ROM|x86.Build.0 = Debug
		{A508B858-5745-4430-830F-11F39A21E07D}.Debug|Any CPU.ActiveCfg = Debug
		{A508B858-5745-4430-830F-11F39A21E07D}.Debug|x86.ActiveCfg = Debug
		{A508B858-5745-4430-830F-11F39A21E07D}.Debug|x86.Build.0 = Debug
		{A508B858-5745-4430-830F-11F39A21E07D}.DVD-5|Any CPU.ActiveCfg = Debug
		{A508B858-5745-4430-830F-11F39A21E07D}.DVD-5|Any CPU.Build.0 = Debug
		{A508B858-5745-4430-830F-11F39A21E07D}.DVD-5|x86.ActiveCfg = Debug
		{A508B858-5745-4430-830F-11F39A21E07D}.DVD-5|x86.Build.0 = Debug
		{A508B858-5745-4430-830F-11F39A21E07D}.Release|Any CPU.ActiveCfg = Release
		{A508B858-5745-4430-830F-11F39A21E07D}.Release|x86.ActiveCfg = Release
		{A508B858-5745-4430-830F-11F39A21E07D}.Release|x86.Build.0 = Release
		{A508B858-5745-4430-830F-11F39A21E07D}.SingleImage|Any CPU.ActiveCfg = Debug
		{A508B858-5745-4430-830F-11F39A21E07D}.SingleImage|Any CPU.Build.0 = Debug
		{A508B858-5745-4430-830F-11F39A21E07D}.SingleImage|x86.ActiveCfg = Debug
		{A508B858-5745-4430-830F-11F39A21E07D}.SingleImage|x86.Build.0 = Debug
		{5BACAAC6-C58F-4FE5-B2C7-EE848EB9F076}.AWS|Any CPU.ActiveCfg = Release
		{5BACAAC6-C58F-4FE5-B2C7-EE848EB9F076}.AWS|x86.ActiveCfg = Debug
		{5BACAAC6-C58F-4FE5-B2C7-EE848EB9F076}.AWS|x86.Build.0 = Debug
		{5BACAAC6-C58F-4FE5-B2C7-EE848EB9F076}.CD_ROM|Any CPU.ActiveCfg = Debug
		{5BACAAC6-C58F-4FE5-B2C7-EE848EB9F076}.CD_ROM|Any CPU.Build.0 = Debug
		{5BACAAC6-C58F-4FE5-B2C7-EE848EB9F076}.CD_ROM|x86.ActiveCfg = Debug
		{5BACAAC6-C58F-4FE5-B2C7-EE848EB9F076}.CD_ROM|x86.Build.0 = Debug
		{5BACAAC6-C58F-4FE5-B2C7-EE848EB9F076}.Debug|Any CPU.ActiveCfg = Debug
		{5BACAAC6-C58F-4FE5-B2C7-EE848EB9F076}.Debug|x86.ActiveCfg = Debug
		{5BACAAC6-C58F-4FE5-B2C7-EE848EB9F076}.Debug|x86.Build.0 = Debug
		{5BACAAC6-C58F-4FE5-B2C7-EE848EB9F076}.DVD-5|Any CPU.ActiveCfg = Debug
		{5BACAAC6-C58F-4FE5-B2C7-EE848EB9F076}.DVD-5|Any CPU.Build.0 = Debug
		{5BACAAC6-C58F-4FE5-B2C7-EE848EB9F076}.DVD-5|x86.ActiveCfg = Debug
		{5BACAAC6-C58F-4FE5-B2C7-EE848EB9F076}.DVD-5|x86.Build.0 = Debug
		{5BACAAC6-C58F-4FE5-B2C7-EE848EB9F076}.Release|Any CPU.ActiveCfg = Release
		{5BACAAC6-C58F-4FE5-B2C7-EE848EB9F076}.Release|x86.ActiveCfg = Release
		{5BACAAC6-C58F-4FE5-B2C7-EE848EB9F076}.Release|x86.Build.0 = Release
		{5BACAAC6-C58F-4FE5-B2C7-EE848EB9F076}.SingleImage|Any CPU.ActiveCfg = Debug
		{5BACAAC6-C58F-4FE5-B2C7-EE848EB9F076}.SingleImage|Any CPU.Build.0 = Debug
		{5BACAAC6-C58F-4FE5-B2C7-EE848EB9F076}.SingleImage|x86.ActiveCfg = Debug
		{5BACAAC6-C58F-4FE5-B2C7-EE848EB9F076}.SingleImage|x86.Build.0 = Debug
		{58134A14-83D4-44D4-B0BC-6FC3165A3935}.AWS|Any CPU.ActiveCfg = Release
		{58134A14-83D4-44D4-B0BC-6FC3165A3935}.AWS|x86.ActiveCfg = Debug
		{58134A14-83D4-44D4-B0BC-6FC3165A3935}.AWS|x86.Build.0 = Debug
		{58134A14-83D4-44D4-B0BC-6FC3165A3935}.CD_ROM|Any CPU.ActiveCfg = Debug
		{58134A14-83D4-44D4-B0BC-6FC3165A3935}.CD_ROM|Any CPU.Build.0 = Debug
		{58134A14-83D4-44D4-B0BC-6FC3165A3935}.CD_ROM|x86.ActiveCfg = Debug
		{58134A14-83D4-44D4-B0BC-6FC3165A3935}.CD_ROM|x86.Build.0 = Debug
		{58134A14-83D4-44D4-B0BC-6FC3165A3935}.Debug|Any CPU.ActiveCfg = Debug
		{58134A14-83D4-44D4-B0BC-6FC3165A3935}.Debug|Any CPU.Build.0 = Debug
		{58134A14-83D4-44D4-B0BC-6FC3165A3935}.Debug|x86.ActiveCfg = Debug
		{58134A14-83D4-44D4-B0BC-6FC3165A3935}.Debug|x86.Build.0 = Debug
		{58134A14-83D4-44D4-B0BC-6FC3165A3935}.DVD-5|Any CPU.ActiveCfg = Debug
		{58134A14-83D4-44D4-B0BC-6FC3165A3935}.DVD-5|Any CPU.Build.0 = Debug
		{58134A14-83D4-44D4-B0BC-6FC3165A3935}.DVD-5|x86.ActiveCfg = Debug
		{58134A14-83D4-44D4-B0BC-6FC3165A3935}.DVD-5|x86.Build.0 = Debug
		{58134A14-83D4-44D4-B0BC-6FC3165A3935}.Release|Any CPU.ActiveCfg = Release
		{58134A14-83D4-44D4-B0BC-6FC3165A3935}.Release|x86.ActiveCfg = Release
		{58134A14-83D4-44D4-B0BC-6FC3165A3935}.Release|x86.Build.0 = Release
		{58134A14-83D4-44D4-B0BC-6FC3165A3935}.SingleImage|Any CPU.ActiveCfg = Debug
		{58134A14-83D4-44D4-B0BC-6FC3165A3935}.SingleImage|Any CPU.Build.0 = Debug
		{58134A14-83D4-44D4-B0BC-6FC3165A3935}.SingleImage|x86.ActiveCfg = Debug
		{58134A14-83D4-44D4-B0BC-6FC3165A3935}.SingleImage|x86.Build.0 = Debug
		{59C119D8-8C1A-4481-B7AC-3C7F2C800952}.AWS|Any CPU.ActiveCfg = Release|Any CPU
		{59C119D8-8C1A-4481-B7AC-3C7F2C800952}.AWS|Any CPU.Build.0 = Release|Any CPU
		{59C119D8-8C1A-4481-B7AC-3C7F2C800952}.AWS|x86.ActiveCfg = Debug|Any CPU
		{59C119D8-8C1A-4481-B7AC-3C7F2C800952}.AWS|x86.Build.0 = Debug|Any CPU
		{59C119D8-8C1A-4481-B7AC-3C7F2C800952}.CD_ROM|Any CPU.ActiveCfg = Debug|Any CPU
		{59C119D8-8C1A-4481-B7AC-3C7F2C800952}.CD_ROM|Any CPU.Build.0 = Debug|Any CPU
		{59C119D8-8C1A-4481-B7AC-3C7F2C800952}.CD_ROM|x86.ActiveCfg = Debug|Any CPU
		{59C119D8-8C1A-4481-B7AC-3C7F2C800952}.CD_ROM|x86.Build.0 = Debug|Any CPU
		{59C119D8-8C1A-4481-B7AC-3C7F2C800952}.Debug|Any CPU.ActiveCfg = Debug|Any CPU
		{59C119D8-8C1A-4481-B7AC-3C7F2C800952}.Debug|Any CPU.Build.0 = Debug|Any CPU
		{59C119D8-8C1A-4481-B7AC-3C7F2C800952}.Debug|x86.ActiveCfg = Debug|Any CPU
		{59C119D8-8C1A-4481-B7AC-3C7F2C800952}.Debug|x86.Build.0 = Debug|Any CPU
		{59C119D8-8C1A-4481-B7AC-3C7F2C800952}.DVD-5|Any CPU.ActiveCfg = Debug|Any CPU
		{59C119D8-8C1A-4481-B7AC-3C7F2C800952}.DVD-5|Any CPU.Build.0 = Debug|Any CPU
		{59C119D8-8C1A-4481-B7AC-3C7F2C800952}.DVD-5|x86.ActiveCfg = Debug|Any CPU
		{59C119D8-8C1A-4481-B7AC-3C7F2C800952}.DVD-5|x86.Build.0 = Debug|Any CPU
		{59C119D8-8C1A-4481-B7AC-3C7F2C800952}.Release|Any CPU.ActiveCfg = Release|Any CPU
		{59C119D8-8C1A-4481-B7AC-3C7F2C800952}.Release|Any CPU.Build.0 = Release|Any CPU
		{59C119D8-8C1A-4481-B7AC-3C7F2C800952}.Release|x86.ActiveCfg = Release|Any CPU
		{59C119D8-8C1A-4481-B7AC-3C7F2C800952}.Release|x86.Build.0 = Release|Any CPU
		{59C119D8-8C1A-4481-B7AC-3C7F2C800952}.SingleImage|Any CPU.ActiveCfg = Debug|Any CPU
		{59C119D8-8C1A-4481-B7AC-3C7F2C800952}.SingleImage|Any CPU.Build.0 = Debug|Any CPU
		{59C119D8-8C1A-4481-B7AC-3C7F2C800952}.SingleImage|x86.ActiveCfg = Debug|Any CPU
		{59C119D8-8C1A-4481-B7AC-3C7F2C800952}.SingleImage|x86.Build.0 = Debug|Any CPU
		{F4765A8A-4D17-4E1B-9116-F736E42A2EBB}.AWS|Any CPU.ActiveCfg = AWS|Any CPU
		{F4765A8A-4D17-4E1B-9116-F736E42A2EBB}.AWS|Any CPU.Build.0 = AWS|Any CPU
		{F4765A8A-4D17-4E1B-9116-F736E42A2EBB}.AWS|x86.ActiveCfg = AWS|Any CPU
		{F4765A8A-4D17-4E1B-9116-F736E42A2EBB}.AWS|x86.Build.0 = AWS|Any CPU
		{F4765A8A-4D17-4E1B-9116-F736E42A2EBB}.CD_ROM|Any CPU.ActiveCfg = Release|Any CPU
		{F4765A8A-4D17-4E1B-9116-F736E42A2EBB}.CD_ROM|Any CPU.Build.0 = Release|Any CPU
		{F4765A8A-4D17-4E1B-9116-F736E42A2EBB}.CD_ROM|x86.ActiveCfg = Debug|Any CPU
		{F4765A8A-4D17-4E1B-9116-F736E42A2EBB}.CD_ROM|x86.Build.0 = Debug|Any CPU
		{F4765A8A-4D17-4E1B-9116-F736E42A2EBB}.Debug|Any CPU.ActiveCfg = Debug|Any CPU
		{F4765A8A-4D17-4E1B-9116-F736E42A2EBB}.Debug|Any CPU.Build.0 = Debug|Any CPU
		{F4765A8A-4D17-4E1B-9116-F736E42A2EBB}.Debug|x86.ActiveCfg = Debug|Any CPU
		{F4765A8A-4D17-4E1B-9116-F736E42A2EBB}.Debug|x86.Build.0 = Debug|Any CPU
		{F4765A8A-4D17-4E1B-9116-F736E42A2EBB}.DVD-5|Any CPU.ActiveCfg = Debug|Any CPU
		{F4765A8A-4D17-4E1B-9116-F736E42A2EBB}.DVD-5|Any CPU.Build.0 = Debug|Any CPU
		{F4765A8A-4D17-4E1B-9116-F736E42A2EBB}.DVD-5|x86.ActiveCfg = Debug|Any CPU
		{F4765A8A-4D17-4E1B-9116-F736E42A2EBB}.DVD-5|x86.Build.0 = Debug|Any CPU
		{F4765A8A-4D17-4E1B-9116-F736E42A2EBB}.Release|Any CPU.ActiveCfg = Release|Any CPU
		{F4765A8A-4D17-4E1B-9116-F736E42A2EBB}.Release|Any CPU.Build.0 = Release|Any CPU
		{F4765A8A-4D17-4E1B-9116-F736E42A2EBB}.Release|x86.ActiveCfg = Release|Any CPU
		{F4765A8A-4D17-4E1B-9116-F736E42A2EBB}.Release|x86.Build.0 = Release|Any CPU
		{F4765A8A-4D17-4E1B-9116-F736E42A2EBB}.SingleImage|Any CPU.ActiveCfg = Release|Any CPU
		{F4765A8A-4D17-4E1B-9116-F736E42A2EBB}.SingleImage|Any CPU.Build.0 = Release|Any CPU
		{F4765A8A-4D17-4E1B-9116-F736E42A2EBB}.SingleImage|x86.ActiveCfg = Debug|Any CPU
		{F4765A8A-4D17-4E1B-9116-F736E42A2EBB}.SingleImage|x86.Build.0 = Debug|Any CPU
		{519E28A2-6B4D-4CE3-A05E-748E71C8B125}.AWS|Any CPU.ActiveCfg = Release|Any CPU
		{519E28A2-6B4D-4CE3-A05E-748E71C8B125}.AWS|Any CPU.Build.0 = Release|Any CPU
		{519E28A2-6B4D-4CE3-A05E-748E71C8B125}.AWS|x86.ActiveCfg = Debug|Any CPU
		{519E28A2-6B4D-4CE3-A05E-748E71C8B125}.AWS|x86.Build.0 = Debug|Any CPU
		{519E28A2-6B4D-4CE3-A05E-748E71C8B125}.CD_ROM|Any CPU.ActiveCfg = Debug|Any CPU
		{519E28A2-6B4D-4CE3-A05E-748E71C8B125}.CD_ROM|Any CPU.Build.0 = Debug|Any CPU
		{519E28A2-6B4D-4CE3-A05E-748E71C8B125}.CD_ROM|x86.ActiveCfg = Debug|Any CPU
		{519E28A2-6B4D-4CE3-A05E-748E71C8B125}.CD_ROM|x86.Build.0 = Debug|Any CPU
		{519E28A2-6B4D-4CE3-A05E-748E71C8B125}.Debug|Any CPU.ActiveCfg = Debug|Any CPU
		{519E28A2-6B4D-4CE3-A05E-748E71C8B125}.Debug|Any CPU.Build.0 = Debug|Any CPU
		{519E28A2-6B4D-4CE3-A05E-748E71C8B125}.Debug|x86.ActiveCfg = Debug|Any CPU
		{519E28A2-6B4D-4CE3-A05E-748E71C8B125}.Debug|x86.Build.0 = Debug|Any CPU
		{519E28A2-6B4D-4CE3-A05E-748E71C8B125}.DVD-5|Any CPU.ActiveCfg = Debug|Any CPU
		{519E28A2-6B4D-4CE3-A05E-748E71C8B125}.DVD-5|Any CPU.Build.0 = Debug|Any CPU
		{519E28A2-6B4D-4CE3-A05E-748E71C8B125}.DVD-5|x86.ActiveCfg = Debug|Any CPU
		{519E28A2-6B4D-4CE3-A05E-748E71C8B125}.DVD-5|x86.Build.0 = Debug|Any CPU
		{519E28A2-6B4D-4CE3-A05E-748E71C8B125}.Release|Any CPU.ActiveCfg = Release|Any CPU
		{519E28A2-6B4D-4CE3-A05E-748E71C8B125}.Release|Any CPU.Build.0 = Release|Any CPU
		{519E28A2-6B4D-4CE3-A05E-748E71C8B125}.Release|x86.ActiveCfg = Release|Any CPU
		{519E28A2-6B4D-4CE3-A05E-748E71C8B125}.Release|x86.Build.0 = Release|Any CPU
		{519E28A2-6B4D-4CE3-A05E-748E71C8B125}.SingleImage|Any CPU.ActiveCfg = Debug|Any CPU
		{519E28A2-6B4D-4CE3-A05E-748E71C8B125}.SingleImage|Any CPU.Build.0 = Debug|Any CPU
		{519E28A2-6B4D-4CE3-A05E-748E71C8B125}.SingleImage|x86.ActiveCfg = Debug|Any CPU
		{519E28A2-6B4D-4CE3-A05E-748E71C8B125}.SingleImage|x86.Build.0 = Debug|Any CPU
		{5306F7DC-6A9A-41FA-9E1A-C6A2C2C52743}.AWS|Any CPU.ActiveCfg = Release|x86
		{5306F7DC-6A9A-41FA-9E1A-C6A2C2C52743}.AWS|Any CPU.Build.0 = Release|x86
		{5306F7DC-6A9A-41FA-9E1A-C6A2C2C52743}.AWS|x86.ActiveCfg = Release|x86
		{5306F7DC-6A9A-41FA-9E1A-C6A2C2C52743}.AWS|x86.Build.0 = Release|x86
		{5306F7DC-6A9A-41FA-9E1A-C6A2C2C52743}.CD_ROM|Any CPU.ActiveCfg = Release|x86
		{5306F7DC-6A9A-41FA-9E1A-C6A2C2C52743}.CD_ROM|Any CPU.Build.0 = Release|x86
		{5306F7DC-6A9A-41FA-9E1A-C6A2C2C52743}.CD_ROM|x86.ActiveCfg = Release|x86
		{5306F7DC-6A9A-41FA-9E1A-C6A2C2C52743}.CD_ROM|x86.Build.0 = Release|x86
		{5306F7DC-6A9A-41FA-9E1A-C6A2C2C52743}.Debug|Any CPU.ActiveCfg = Debug|x86
		{5306F7DC-6A9A-41FA-9E1A-C6A2C2C52743}.Debug|x86.ActiveCfg = Debug|x86
		{5306F7DC-6A9A-41FA-9E1A-C6A2C2C52743}.Debug|x86.Build.0 = Debug|x86
		{5306F7DC-6A9A-41FA-9E1A-C6A2C2C52743}.DVD-5|Any CPU.ActiveCfg = Release|x86
		{5306F7DC-6A9A-41FA-9E1A-C6A2C2C52743}.DVD-5|Any CPU.Build.0 = Release|x86
		{5306F7DC-6A9A-41FA-9E1A-C6A2C2C52743}.DVD-5|x86.ActiveCfg = Debug|x86
		{5306F7DC-6A9A-41FA-9E1A-C6A2C2C52743}.DVD-5|x86.Build.0 = Debug|x86
		{5306F7DC-6A9A-41FA-9E1A-C6A2C2C52743}.Release|Any CPU.ActiveCfg = Release|x86
		{5306F7DC-6A9A-41FA-9E1A-C6A2C2C52743}.Release|x86.ActiveCfg = Release|x86
		{5306F7DC-6A9A-41FA-9E1A-C6A2C2C52743}.Release|x86.Build.0 = Release|x86
		{5306F7DC-6A9A-41FA-9E1A-C6A2C2C52743}.SingleImage|Any CPU.ActiveCfg = Release|x86
		{5306F7DC-6A9A-41FA-9E1A-C6A2C2C52743}.SingleImage|Any CPU.Build.0 = Release|x86
		{5306F7DC-6A9A-41FA-9E1A-C6A2C2C52743}.SingleImage|x86.ActiveCfg = Release|x86
		{5306F7DC-6A9A-41FA-9E1A-C6A2C2C52743}.SingleImage|x86.Build.0 = Release|x86
	EndGlobalSection
	GlobalSection(SolutionProperties) = preSolution
		HideSolutionNode = FALSE
	EndGlobalSection
	GlobalSection(NestedProjects) = preSolution
		{1DA52A87-280E-42A5-895B-9D7694942A42} = {E54872AF-FF69-4B53-818B-9008D8CA2206}
		{65C2ECD5-218B-442A-ACF1-735FF3944BA7} = {01FA4B5C-738B-4EEF-9665-B0DDEC66F9CE}
		{DB8B6712-7459-489A-874A-67D076E090A3} = {E54872AF-FF69-4B53-818B-9008D8CA2206}
		{A508B858-5745-4430-830F-11F39A21E07D} = {01FA4B5C-738B-4EEF-9665-B0DDEC66F9CE}
		{5BACAAC6-C58F-4FE5-B2C7-EE848EB9F076} = {E54872AF-FF69-4B53-818B-9008D8CA2206}
		{58134A14-83D4-44D4-B0BC-6FC3165A3935} = {01FA4B5C-738B-4EEF-9665-B0DDEC66F9CE}
		{59C119D8-8C1A-4481-B7AC-3C7F2C800952} = {01FA4B5C-738B-4EEF-9665-B0DDEC66F9CE}
		{F4765A8A-4D17-4E1B-9116-F736E42A2EBB} = {C8AD3574-EC63-4BCB-A3E3-0F46B5D5757F}
		{519E28A2-6B4D-4CE3-A05E-748E71C8B125} = {C8AD3574-EC63-4BCB-A3E3-0F46B5D5757F}
		{5306F7DC-6A9A-41FA-9E1A-C6A2C2C52743} = {E54872AF-FF69-4B53-818B-9008D8CA2206}
	EndGlobalSection
EndGlobal
